// !$*UTF8*$!
{
	archiveVersion = 1;
	classes = {
	};
	objectVersion = 46;
	objects = {

/* Begin PBXFileReference section */
		3B25C4921A70CE60004D39F6 /* Driver_ATA.cpp */ = {isa = PBXFileReference; lastKnownFileType = sourcecode.cpp.cpp; name = Driver_ATA.cpp; path = Kernel/Driver_ATA.cpp; sourceTree = "<group>"; };
		3B25C4931A70CE60004D39F6 /* Driver_ATA.h */ = {isa = PBXFileReference; lastKnownFileType = sourcecode.c.h; name = Driver_ATA.h; path = Kernel/Driver_ATA.h; sourceTree = "<group>"; };
		3B25C4941A74E6E4004D39F6 /* Blocking.h */ = {isa = PBXFileReference; lastKnownFileType = sourcecode.c.h; name = Blocking.h; path = Kernel/Blocking.h; sourceTree = "<group>"; };
		3B25C4951A757B3B004D39F6 /* Blocking.cpp */ = {isa = PBXFileReference; lastKnownFileType = sourcecode.cpp.cpp; name = Blocking.cpp; path = Kernel/Blocking.cpp; sourceTree = "<group>"; };
		3B25C4961A75C126004D39F6 /* Locking.cpp */ = {isa = PBXFileReference; lastKnownFileType = sourcecode.cpp.cpp; name = Locking.cpp; path = Kernel/Locking.cpp; sourceTree = "<group>"; };
		3B25C4971A75C126004D39F6 /* Locking.h */ = {isa = PBXFileReference; lastKnownFileType = sourcecode.c.h; name = Locking.h; path = Kernel/Locking.h; sourceTree = "<group>"; };
		3B26F8981A59CB41003BE1B6 /* Process.cpp */ = {isa = PBXFileReference; lastKnownFileType = sourcecode.cpp.cpp; name = Process.cpp; path = Kernel/Process.cpp; sourceTree = "<group>"; };
		3B26F8991A59CB41003BE1B6 /* Process.h */ = {isa = PBXFileReference; lastKnownFileType = sourcecode.c.h; name = Process.h; path = Kernel/Process.h; sourceTree = "<group>"; };
		3B26F89A1A5A14EC003BE1B6 /* process_test.asm */ = {isa = PBXFileReference; lastKnownFileType = sourcecode.asm.asm; name = process_test.asm; path = Kernel/process_test.asm; sourceTree = "<group>"; };
		3B26F89B1A698012003BE1B6 /* mem_virtual.cpp */ = {isa = PBXFileReference; lastKnownFileType = sourcecode.cpp.cpp; name = mem_virtual.cpp; path = Kernel/mem_virtual.cpp; sourceTree = "<group>"; };
		3B26F89C1A698013003BE1B6 /* mem_virtual.h */ = {isa = PBXFileReference; lastKnownFileType = sourcecode.c.h; name = mem_virtual.h; path = Kernel/mem_virtual.h; sourceTree = "<group>"; };
		3B26F89D1A6B311C003BE1B6 /* Collections.cpp */ = {isa = PBXFileReference; lastKnownFileType = sourcecode.cpp.cpp; name = Collections.cpp; path = Kernel/Collections.cpp; sourceTree = "<group>"; };
		3B26F89E1A6B311C003BE1B6 /* Collections.h */ = {isa = PBXFileReference; lastKnownFileType = sourcecode.c.h; name = Collections.h; path = Kernel/Collections.h; sourceTree = "<group>"; };
		3B2706881AD8FE3C00C2178E /* Provider.cpp */ = {isa = PBXFileReference; lastKnownFileType = sourcecode.cpp.cpp; name = Provider.cpp; path = Kernel/Provider.cpp; sourceTree = "<group>"; };
		3B2706891AD8FE3C00C2178E /* Provider.h */ = {isa = PBXFileReference; lastKnownFileType = sourcecode.c.h; name = Provider.h; path = Kernel/Provider.h; sourceTree = "<group>"; };
		3B27068C1ADF766B00C2178E /* KernelFunction.h */ = {isa = PBXFileReference; lastKnownFileType = sourcecode.c.h; name = KernelFunction.h; path = Kernel/KernelFunction.h; sourceTree = "<group>"; };
		3B2706A81AEDFB3A00C2178E /* ImageLoader.cpp */ = {isa = PBXFileReference; lastKnownFileType = sourcecode.cpp.cpp; name = ImageLoader.cpp; path = Kernel/ImageLoader.cpp; sourceTree = "<group>"; };
		3B2706A91AEDFB3A00C2178E /* ImageLoader.h */ = {isa = PBXFileReference; lastKnownFileType = sourcecode.c.h; name = ImageLoader.h; path = Kernel/ImageLoader.h; sourceTree = "<group>"; };
		3B2706C41AF7D9F200C2178E /* Interface_BinaryImage.h */ = {isa = PBXFileReference; lastKnownFileType = sourcecode.c.h; name = Interface_BinaryImage.h; path = Kernel/Interface_BinaryImage.h; sourceTree = "<group>"; };
		3B2706C51B02679200C2178E /* FileNubbin.cpp */ = {isa = PBXFileReference; lastKnownFileType = sourcecode.cpp.cpp; name = FileNubbin.cpp; path = Kernel/FileNubbin.cpp; sourceTree = "<group>"; };
		3B2706C61B02679200C2178E /* FileNubbin.h */ = {isa = PBXFileReference; lastKnownFileType = sourcecode.c.h; name = FileNubbin.h; path = Kernel/FileNubbin.h; sourceTree = "<group>"; };
		3B2706C71B02699300C2178E /* Interface_File_Nubbin.h */ = {isa = PBXFileReference; lastKnownFileType = sourcecode.c.h; name = Interface_File_Nubbin.h; path = Kernel/Interface_File_Nubbin.h; sourceTree = "<group>"; };
		3B2DFD1C1A53565700C19756 /* Kernel.ld */ = {isa = PBXFileReference; lastKnownFileType = text; name = Kernel.ld; path = Kernel/Kernel.ld; sourceTree = "<group>"; };
		3B2DFD1D1A54D15700C19756 /* CPU_context.asm */ = {isa = PBXFileReference; lastKnownFileType = sourcecode.asm.asm; name = CPU_context.asm; path = Kernel/CPU_context.asm; sourceTree = "<group>"; };
		3B2DFD1E1A54D9D400C19756 /* Thread.cpp */ = {isa = PBXFileReference; lastKnownFileType = sourcecode.cpp.cpp; name = Thread.cpp; path = Kernel/Thread.cpp; sourceTree = "<group>"; };
		3B2DFD1F1A54D9D400C19756 /* Thread.h */ = {isa = PBXFileReference; lastKnownFileType = sourcecode.c.h; name = Thread.h; path = Kernel/Thread.h; sourceTree = "<group>"; };
		3B2DFD451A56459500C19756 /* Makefile */ = {isa = PBXFileReference; lastKnownFileType = sourcecode.make; name = Makefile; path = Kernel/Makefile; sourceTree = "<group>"; };
		3B2DFD461A567A0200C19756 /* Thread_init.asm */ = {isa = PBXFileReference; lastKnownFileType = sourcecode.asm.asm; name = Thread_init.asm; path = Kernel/Thread_init.asm; sourceTree = "<group>"; };
		3B2DFD471A58718800C19756 /* Scheduler.cpp */ = {isa = PBXFileReference; lastKnownFileType = sourcecode.cpp.cpp; name = Scheduler.cpp; path = Kernel/Scheduler.cpp; sourceTree = "<group>"; };
		3B2DFD481A58718800C19756 /* Scheduler.h */ = {isa = PBXFileReference; lastKnownFileType = sourcecode.c.h; name = Scheduler.h; path = Kernel/Scheduler.h; sourceTree = "<group>"; };
		3B3FE33F1AB3C4D0008BE6D8 /* Queue.cpp */ = {isa = PBXFileReference; lastKnownFileType = sourcecode.cpp.cpp; name = Queue.cpp; path = Kernel/Queue.cpp; sourceTree = "<group>"; };
		3B3FE3401AB3C4D0008BE6D8 /* Queue.h */ = {isa = PBXFileReference; lastKnownFileType = sourcecode.c.h; name = Queue.h; path = Kernel/Queue.h; sourceTree = "<group>"; };
		3B3FE3411AB3F081008BE6D8 /* Interface_Block.h */ = {isa = PBXFileReference; lastKnownFileType = sourcecode.c.h; name = Interface_Block.h; path = Kernel/Interface_Block.h; sourceTree = "<group>"; };
		3B3FE3431AC8F42D008BE6D8 /* Interface_File.h */ = {isa = PBXFileReference; lastKnownFileType = sourcecode.c.h; name = Interface_File.h; path = Kernel/Interface_File.h; sourceTree = "<group>"; };
		3B3FE3481AC8F5CA008BE6D8 /* Interface_Partition.h */ = {isa = PBXFileReference; lastKnownFileType = sourcecode.c.h; name = Interface_Partition.h; path = Kernel/Interface_Partition.h; sourceTree = "<group>"; };
		3B3FE3491AC8FE72008BE6D8 /* Interface.h */ = {isa = PBXFileReference; lastKnownFileType = sourcecode.c.h; name = Interface.h; path = Kernel/Interface.h; sourceTree = "<group>"; };
		3B5E06BE1AD265B900280BDD /* fs_iso9660.cpp */ = {isa = PBXFileReference; lastKnownFileType = sourcecode.cpp.cpp; name = fs_iso9660.cpp; path = Kernel/fs_iso9660.cpp; sourceTree = "<group>"; };
		3B5E06BF1AD265B900280BDD /* fs_iso9660.h */ = {isa = PBXFileReference; lastKnownFileType = sourcecode.c.h; name = fs_iso9660.h; path = Kernel/fs_iso9660.h; sourceTree = "<group>"; };
		3B7713361A6C353500556361 /* KernelObject.cpp */ = {isa = PBXFileReference; lastKnownFileType = sourcecode.cpp.cpp; name = KernelObject.cpp; path = Kernel/KernelObject.cpp; sourceTree = "<group>"; };
		3BE18B391A911A6E0028B70A /* IPC.cpp */ = {isa = PBXFileReference; lastKnownFileType = sourcecode.cpp.cpp; name = IPC.cpp; path = Kernel/IPC.cpp; sourceTree = "<group>"; };
		3BE18B3A1A911A6E0028B70A /* IPC.h */ = {isa = PBXFileReference; lastKnownFileType = sourcecode.c.h; name = IPC.h; path = Kernel/IPC.h; sourceTree = "<group>"; };
		3BE43F5919B1B95A009B16F3 /* BasicHeap.cpp */ = {isa = PBXFileReference; lastKnownFileType = sourcecode.cpp.cpp; name = BasicHeap.cpp; path = Kernel/BasicHeap.cpp; sourceTree = "<group>"; };
		3BE43F5A19B1B95A009B16F3 /* BasicHeap.h */ = {isa = PBXFileReference; lastKnownFileType = sourcecode.c.h; name = BasicHeap.h; path = Kernel/BasicHeap.h; sourceTree = "<group>"; };
		3BE43F5B19B1B95A009B16F3 /* debug.cpp */ = {isa = PBXFileReference; lastKnownFileType = sourcecode.cpp.cpp; name = debug.cpp; path = Kernel/debug.cpp; sourceTree = "<group>"; };
		3BE43F5C19B1B95A009B16F3 /* debug.h */ = {isa = PBXFileReference; lastKnownFileType = sourcecode.c.h; name = debug.h; path = Kernel/debug.h; sourceTree = "<group>"; };
		3BE43F5D19B1B95A009B16F3 /* descript_cpu.asm */ = {isa = PBXFileReference; lastKnownFileType = sourcecode.asm.asm; name = descript_cpu.asm; path = Kernel/descript_cpu.asm; sourceTree = "<group>"; };
		3BE43F5E19B1B95A009B16F3 /* descript.cpp */ = {isa = PBXFileReference; lastKnownFileType = sourcecode.cpp.cpp; name = descript.cpp; path = Kernel/descript.cpp; sourceTree = "<group>"; };
		3BE43F5F19B1B95A009B16F3 /* descript.h */ = {isa = PBXFileReference; lastKnownFileType = sourcecode.c.h; name = descript.h; path = Kernel/descript.h; sourceTree = "<group>"; };
		3BE43F6019B1B95A009B16F3 /* Driver.cpp */ = {isa = PBXFileReference; lastKnownFileType = sourcecode.cpp.cpp; name = Driver.cpp; path = Kernel/Driver.cpp; sourceTree = "<group>"; };
		3BE43F6119B1B95A009B16F3 /* Driver.h */ = {isa = PBXFileReference; lastKnownFileType = sourcecode.c.h; name = Driver.h; path = Kernel/Driver.h; sourceTree = "<group>"; };
		3BE43F6219B1B95A009B16F3 /* entry.asm */ = {isa = PBXFileReference; lastKnownFileType = sourcecode.asm.asm; name = entry.asm; path = Kernel/entry.asm; sourceTree = "<group>"; };
		3BE43F6319B1B95A009B16F3 /* Interrupts.h */ = {isa = PBXFileReference; lastKnownFileType = sourcecode.c.h; name = Interrupts.h; path = Kernel/Interrupts.h; sourceTree = "<group>"; };
		3BE43F6419B1B95A009B16F3 /* KernelObject.h */ = {isa = PBXFileReference; lastKnownFileType = sourcecode.c.h; name = KernelObject.h; path = Kernel/KernelObject.h; sourceTree = "<group>"; };
		3BE43F6519B1B95A009B16F3 /* main.cpp */ = {isa = PBXFileReference; lastKnownFileType = sourcecode.cpp.cpp; name = main.cpp; path = Kernel/main.cpp; sourceTree = "<group>"; };
		3BE43F6619B1B95A009B16F3 /* mem_logical.cpp */ = {isa = PBXFileReference; lastKnownFileType = sourcecode.cpp.cpp; name = mem_logical.cpp; path = Kernel/mem_logical.cpp; sourceTree = "<group>"; };
		3BE43F6719B1B95A009B16F3 /* mem_logical.h */ = {isa = PBXFileReference; lastKnownFileType = sourcecode.c.h; name = mem_logical.h; path = Kernel/mem_logical.h; sourceTree = "<group>"; };
		3BE43F6819B1B95A009B16F3 /* mem_physical.cpp */ = {isa = PBXFileReference; lastKnownFileType = sourcecode.cpp.cpp; name = mem_physical.cpp; path = Kernel/mem_physical.cpp; sourceTree = "<group>"; };
		3BE43F6919B1B95A009B16F3 /* mem_physical.h */ = {isa = PBXFileReference; lastKnownFileType = sourcecode.c.h; name = mem_physical.h; path = Kernel/mem_physical.h; sourceTree = "<group>"; };
		3BE43F6A19B1B95A009B16F3 /* multiboot.h */ = {isa = PBXFileReference; lastKnownFileType = sourcecode.c.h; name = multiboot.h; path = Kernel/multiboot.h; sourceTree = "<group>"; };
		3BE43F6B19B1B95A009B16F3 /* runtime.cpp */ = {isa = PBXFileReference; lastKnownFileType = sourcecode.cpp.cpp; name = runtime.cpp; path = Kernel/runtime.cpp; sourceTree = "<group>"; };
		3BE43F6C19B1B95A009B16F3 /* runtime.h */ = {isa = PBXFileReference; lastKnownFileType = sourcecode.c.h; name = runtime.h; path = Kernel/runtime.h; sourceTree = "<group>"; };
		3BE43F6D19B1B95A009B16F3 /* StandardPC.cpp */ = {isa = PBXFileReference; lastKnownFileType = sourcecode.cpp.cpp; name = StandardPC.cpp; path = Kernel/StandardPC.cpp; sourceTree = "<group>"; };
		3BE43F6E19B1B95A009B16F3 /* StandardPC.h */ = {isa = PBXFileReference; lastKnownFileType = sourcecode.c.h; name = StandardPC.h; path = Kernel/StandardPC.h; sourceTree = "<group>"; };
		3BE43F6F19B1B95A009B16F3 /* tools.cpp */ = {isa = PBXFileReference; lastKnownFileType = sourcecode.cpp.cpp; name = tools.cpp; path = Kernel/tools.cpp; sourceTree = "<group>"; };
		3BE43F7019B1B95A009B16F3 /* tools.h */ = {isa = PBXFileReference; lastKnownFileType = sourcecode.c.h; name = tools.h; path = Kernel/tools.h; sourceTree = "<group>"; };
		3BE43F7319B1CF8B009B16F3 /* StandardPC_traps.asm */ = {isa = PBXFileReference; lastKnownFileType = sourcecode.asm.asm; name = StandardPC_traps.asm; path = Kernel/StandardPC_traps.asm; sourceTree = "<group>"; };
		3BE43F7419B1D16B009B16F3 /* StandardPC_traps.h */ = {isa = PBXFileReference; lastKnownFileType = sourcecode.c.h; name = StandardPC_traps.h; path = Kernel/StandardPC_traps.h; sourceTree = "<group>"; };
		3BE43F7519B6E615009B16F3 /* StandardPC_traps_shared.inc */ = {isa = PBXFileReference; lastKnownFileType = sourcecode.pascal; name = StandardPC_traps_shared.inc; path = Kernel/StandardPC_traps_shared.inc; sourceTree = "<group>"; };
		3BE43F7619B6F7B6009B16F3 /* CPU.cpp */ = {isa = PBXFileReference; lastKnownFileType = sourcecode.cpp.cpp; name = CPU.cpp; path = Kernel/CPU.cpp; sourceTree = "<group>"; };
		3BE43F7719B6F7B6009B16F3 /* CPU.h */ = {isa = PBXFileReference; lastKnownFileType = sourcecode.c.h; name = CPU.h; path = Kernel/CPU.h; sourceTree = "<group>"; };
		3BE43F7819B6FB1B009B16F3 /* CPU_intr.h */ = {isa = PBXFileReference; lastKnownFileType = sourcecode.c.h; name = CPU_intr.h; path = Kernel/CPU_intr.h; sourceTree = "<group>"; };
		3BE43F7919B6FB1B009B16F3 /* CPU_IOAPIC.cpp */ = {isa = PBXFileReference; lastKnownFileType = sourcecode.cpp.cpp; name = CPU_IOAPIC.cpp; path = Kernel/CPU_IOAPIC.cpp; sourceTree = "<group>"; };
		3BE43F7A19B6FB1B009B16F3 /* CPU_LAPIC.cpp */ = {isa = PBXFileReference; lastKnownFileType = sourcecode.cpp.cpp; name = CPU_LAPIC.cpp; path = Kernel/CPU_LAPIC.cpp; sourceTree = "<group>"; };
		3BE43F7B19B6FB1B009B16F3 /* CPU_PICIRQ.cpp */ = {isa = PBXFileReference; lastKnownFileType = sourcecode.cpp.cpp; name = CPU_PICIRQ.cpp; path = Kernel/CPU_PICIRQ.cpp; sourceTree = "<group>"; };
/* End PBXFileReference section */

/* Begin PBXGroup section */
		3B2706A71AEDEAF500C2178E /* Image loading */ = {
			isa = PBXGroup;
			children = (
				3B2706A81AEDFB3A00C2178E /* ImageLoader.cpp */,
				3B2706A91AEDFB3A00C2178E /* ImageLoader.h */,
			);
			name = "Image loading";
			sourceTree = "<group>";
		};
		3B3FE3421AC8F400008BE6D8 /* System Interfaces */ = {
			isa = PBXGroup;
			children = (
				3B3FE3491AC8FE72008BE6D8 /* Interface.h */,
				3B3FE3411AB3F081008BE6D8 /* Interface_Block.h */,
				3B3FE3481AC8F5CA008BE6D8 /* Interface_Partition.h */,
				3B3FE3431AC8F42D008BE6D8 /* Interface_File.h */,
				3B2706C71B02699300C2178E /* Interface_File_Nubbin.h */,
				3B2706C41AF7D9F200C2178E /* Interface_BinaryImage.h */,
			);
			name = "System Interfaces";
			sourceTree = "<group>";
		};
		3B3FE3441AC8F441008BE6D8 /* Core system */ = {
			isa = PBXGroup;
			children = (
				3B2706A71AEDEAF500C2178E /* Image loading */,
				3BE43F6A19B1B95A009B16F3 /* multiboot.h */,
				3BE43F6619B1B95A009B16F3 /* mem_logical.cpp */,
				3BE43F6719B1B95A009B16F3 /* mem_logical.h */,
				3BE43F6819B1B95A009B16F3 /* mem_physical.cpp */,
				3BE43F6919B1B95A009B16F3 /* mem_physical.h */,
				3B26F89B1A698012003BE1B6 /* mem_virtual.cpp */,
				3B26F89C1A698013003BE1B6 /* mem_virtual.h */,
				3BE43F6B19B1B95A009B16F3 /* runtime.cpp */,
				3BE43F6C19B1B95A009B16F3 /* runtime.h */,
				3B2DFD471A58718800C19756 /* Scheduler.cpp */,
				3B2DFD481A58718800C19756 /* Scheduler.h */,
				3BE43F5919B1B95A009B16F3 /* BasicHeap.cpp */,
				3BE43F5A19B1B95A009B16F3 /* BasicHeap.h */,
				3BE43F5D19B1B95A009B16F3 /* descript_cpu.asm */,
				3BE43F5E19B1B95A009B16F3 /* descript.cpp */,
				3BE43F5F19B1B95A009B16F3 /* descript.h */,
				3BE43F6F19B1B95A009B16F3 /* tools.cpp */,
				3BE43F7019B1B95A009B16F3 /* tools.h */,
				3BE43F5B19B1B95A009B16F3 /* debug.cpp */,
				3BE43F5C19B1B95A009B16F3 /* debug.h */,
				3B7713361A6C353500556361 /* KernelObject.cpp */,
				3BE43F6419B1B95A009B16F3 /* KernelObject.h */,
				3B27068C1ADF766B00C2178E /* KernelFunction.h */,
			);
			name = "Core system";
			sourceTree = "<group>";
		};
		3B3FE3451AC8F4D5008BE6D8 /* Utilities */ = {
			isa = PBXGroup;
			children = (
				3B3FE33F1AB3C4D0008BE6D8 /* Queue.cpp */,
				3B3FE3401AB3C4D0008BE6D8 /* Queue.h */,
				3BE18B391A911A6E0028B70A /* IPC.cpp */,
				3BE18B3A1A911A6E0028B70A /* IPC.h */,
				3B25C4951A757B3B004D39F6 /* Blocking.cpp */,
				3B25C4941A74E6E4004D39F6 /* Blocking.h */,
				3B25C4961A75C126004D39F6 /* Locking.cpp */,
				3B25C4971A75C126004D39F6 /* Locking.h */,
				3B2DFD1E1A54D9D400C19756 /* Thread.cpp */,
				3B2DFD1F1A54D9D400C19756 /* Thread.h */,
				3B2DFD461A567A0200C19756 /* Thread_init.asm */,
				3B26F89D1A6B311C003BE1B6 /* Collections.cpp */,
				3B26F89E1A6B311C003BE1B6 /* Collections.h */,
			);
			name = Utilities;
			sourceTree = "<group>";
		};
		3B3FE3461AC8F519008BE6D8 /* Drivers */ = {
			isa = PBXGroup;
			children = (
				3B2706881AD8FE3C00C2178E /* Provider.cpp */,
				3B2706891AD8FE3C00C2178E /* Provider.h */,
				3BE43F6019B1B95A009B16F3 /* Driver.cpp */,
				3BE43F6119B1B95A009B16F3 /* Driver.h */,
				3BE43F6D19B1B95A009B16F3 /* StandardPC.cpp */,
				3BE43F6E19B1B95A009B16F3 /* StandardPC.h */,
				3B3FE3471AC8F51F008BE6D8 /* Filesystem */,
			);
			name = Drivers;
			sourceTree = "<group>";
		};
		3B3FE3471AC8F51F008BE6D8 /* Filesystem */ = {
			isa = PBXGroup;
			children = (
				3B2706C51B02679200C2178E /* FileNubbin.cpp */,
				3B2706C61B02679200C2178E /* FileNubbin.h */,
				3B5E06BE1AD265B900280BDD /* fs_iso9660.cpp */,
				3B5E06BF1AD265B900280BDD /* fs_iso9660.h */,
				3B25C4921A70CE60004D39F6 /* Driver_ATA.cpp */,
				3B25C4931A70CE60004D39F6 /* Driver_ATA.h */,
			);
			name = Filesystem;
			sourceTree = "<group>";
		};
		3BE43F5219B1B915009B16F3 = {
			isa = PBXGroup;
			children = (
				3B3FE3461AC8F519008BE6D8 /* Drivers */,
				3B3FE3451AC8F4D5008BE6D8 /* Utilities */,
				3B3FE3441AC8F441008BE6D8 /* Core system */,
				3B3FE3421AC8F400008BE6D8 /* System Interfaces */,
				3B26F89A1A5A14EC003BE1B6 /* process_test.asm */,
				3B26F8981A59CB41003BE1B6 /* Process.cpp */,
				3B26F8991A59CB41003BE1B6 /* Process.h */,
				3B2DFD451A56459500C19756 /* Makefile */,
				3B2DFD1C1A53565700C19756 /* Kernel.ld */,
				3BE43F6219B1B95A009B16F3 /* entry.asm */,
				3BE43F6319B1B95A009B16F3 /* Interrupts.h */,
				3BE43F6519B1B95A009B16F3 /* main.cpp */,
				3BE43F7519B6E615009B16F3 /* StandardPC_traps_shared.inc */,
				3BE43F7319B1CF8B009B16F3 /* StandardPC_traps.asm */,
				3BE43F7419B1D16B009B16F3 /* StandardPC_traps.h */,
				3BE43F7619B6F7B6009B16F3 /* CPU.cpp */,
				3BE43F7719B6F7B6009B16F3 /* CPU.h */,
				3BE43F7919B6FB1B009B16F3 /* CPU_IOAPIC.cpp */,
				3BE43F7A19B6FB1B009B16F3 /* CPU_LAPIC.cpp */,
				3BE43F7B19B6FB1B009B16F3 /* CPU_PICIRQ.cpp */,
				3BE43F7819B6FB1B009B16F3 /* CPU_intr.h */,
				3B2DFD1D1A54D15700C19756 /* CPU_context.asm */,
			);
			sourceTree = "<group>";
		};
/* End PBXGroup section */

/* Begin PBXProject section */
		3BE43F5319B1B915009B16F3 /* Project object */ = {
			isa = PBXProject;
			attributes = {
				LastUpgradeCheck = 0510;
			};
			buildConfigurationList = 3BE43F5619B1B915009B16F3 /* Build configuration list for PBXProject "OSdev" */;
			compatibilityVersion = "Xcode 3.2";
			developmentRegion = English;
			hasScannedForEncodings = 0;
			knownRegions = (
				en,
			);
			mainGroup = 3BE43F5219B1B915009B16F3;
			projectDirPath = "";
			projectRoot = "";
			targets = (
			);
		};
/* End PBXProject section */

/* Begin XCBuildConfiguration section */
		3BE43F5719B1B915009B16F3 /* Debug */ = {
			isa = XCBuildConfiguration;
			buildSettings = {
			};
			name = Debug;
		};
		3BE43F5819B1B915009B16F3 /* Release */ = {
			isa = XCBuildConfiguration;
			buildSettings = {
			};
			name = Release;
		};
/* End XCBuildConfiguration section */

/* Begin XCConfigurationList section */
		3BE43F5619B1B915009B16F3 /* Build configuration list for PBXProject "OSdev" */ = {
			isa = XCConfigurationList;
			buildConfigurations = (
				3BE43F5719B1B915009B16F3 /* Debug */,
				3BE43F5819B1B915009B16F3 /* Release */,
			);
			defaultConfigurationIsVisible = 0;
			defaultConfigurationName = Release;
		};
/* End XCConfigurationList section */
	};
	rootObject = 3BE43F5319B1B915009B16F3 /* Project object */;
}
